
Microsoft Visual Studio Solution File, Format Version 12.00
# Visual Studio Version 17
VisualStudioVersion = 17.3.32519.111
MinimumVisualStudioVersion = 10.0.40219.1
Project("{FAE04EC0-301F-11D3-BF4B-00C04F79EFBC}") = "Enumeration", "Enumeration.csproj", "{A5CDBC7C-4636-45A2-B538-47B01A80FD14}"
EndProject
Global
	GlobalSection(SolutionConfigurationPlatforms) = preSolution
		Debug|Any CPU = Debug|Any CPU
		Release|Any CPU = Release|Any CPU
	EndGlobalSection
	GlobalSection(ProjectConfigurationPlatforms) = postSolution
		{A5CDBC7C-4636-45A2-B538-47B01A80FD14}.Debug|Any CPU.ActiveCfg = Debug|Any CPU
		{A5CDBC7C-4636-45A2-B538-47B01A80FD14}.Debug|Any CPU.Build.0 = Debug|Any CPU
		{A5CDBC7C-4636-45A2-B538-47B01A80FD14}.Release|Any CPU.ActiveCfg = Release|Any CPU
		{A5CDBC7C-4636-45A2-B538-47B01A80FD14}.Release|Any CPU.Build.0 = Release|Any CPU
	EndGlobalSection
	GlobalSection(SolutionProperties) = preSolution
		HideSolutionNode = FALSE
	EndGlobalSection
	GlobalSection(ExtensibilityGlobals) = postSolution
		SolutionGuid = {B9CE0B4C-25FB-412F-A177-411270774B7A}
	EndGlobalSection
EndGlobal
